
Microsoft Visual Studio Solution File, Format Version 12.00
# Visual Studio Version 17
VisualStudioVersion = 17.1.32210.238
MinimumVisualStudioVersion = 10.0.40219.1
Project("{FAE04EC0-301F-11D3-BF4B-00C04F79EFBC}") = "data_tranfer", "data_tranfer.csproj", "{45FF543A-C227-4D05-90BB-A0666425A317}"
EndProject
Global
	GlobalSection(SolutionConfigurationPlatforms) = preSolution
		Debug|Any CPU = Debug|Any CPU
		Release|Any CPU = Release|Any CPU
	EndGlobalSection
	GlobalSection(ProjectConfigurationPlatforms) = postSolution
		{45FF543A-C227-4D05-90BB-A0666425A317}.Debug|Any CPU.ActiveCfg = Debug|Any CPU
		{45FF543A-C227-4D05-90BB-A0666425A317}.Debug|Any CPU.Build.0 = Debug|Any CPU
		{45FF543A-C227-4D05-90BB-A0666425A317}.Release|Any CPU.ActiveCfg = Release|Any CPU
		{45FF543A-C227-4D05-90BB-A0666425A317}.Release|Any CPU.Build.0 = Release|Any CPU
	EndGlobalSection
	GlobalSection(SolutionProperties) = preSolution
		HideSolutionNode = FALSE
	EndGlobalSection
	GlobalSection(ExtensibilityGlobals) = postSolution
		SolutionGuid = {FB5A1E52-FF00-4EB1-A6B5-635E23C6962B}
	EndGlobalSection
EndGlobal
